
Microsoft Visual Studio Solution File, Format Version 12.00
# Visual Studio 15
VisualStudioVersion = 15.0.28307.852
MinimumVisualStudioVersion = 10.0.40219.1
Project("{FAE04EC0-301F-11D3-BF4B-00C04F79EFBC}") = "Stack_Pila", "Stack_Pila\Stack_Pila.csproj", "{650152A9-E3BA-48BF-B9D9-FB6FF57CF04A}"
EndProject
Global
	GlobalSection(SolutionConfigurationPlatforms) = preSolution
		Debug|Any CPU = Debug|Any CPU
		Release|Any CPU = Release|Any CPU
	EndGlobalSection
	GlobalSection(ProjectConfigurationPlatforms) = postSolution
		{650152A9-E3BA-48BF-B9D9-FB6FF57CF04A}.Debug|Any CPU.ActiveCfg = Debug|Any CPU
		{650152A9-E3BA-48BF-B9D9-FB6FF57CF04A}.Debug|Any CPU.Build.0 = Debug|Any CPU
		{650152A9-E3BA-48BF-B9D9-FB6FF57CF04A}.Release|Any CPU.ActiveCfg = Release|Any CPU
		{650152A9-E3BA-48BF-B9D9-FB6FF57CF04A}.Release|Any CPU.Build.0 = Release|Any CPU
	EndGlobalSection
	GlobalSection(SolutionProperties) = preSolution
		HideSolutionNode = FALSE
	EndGlobalSection
	GlobalSection(ExtensibilityGlobals) = postSolution
		SolutionGuid = {345A7A4D-70B8-4E48-B1A1-E94F739C3D61}
	EndGlobalSection
EndGlobal
